// !$*UTF8*$!
{
	archiveVersion = 1;
	classes = {
	};
	objectVersion = 46;
	objects = {

/* Begin PBXBuildFile section */
		23090B93207FF9A5001F9839 /* libjrtp.a in Frameworks */ = {isa = PBXBuildFile; fileRef = 23090B92207FF9A5001F9839 /* libjrtp.a */; };
		23837A2C207E9B8E006CB895 /* RTPSession.mm in Sources */ = {isa = PBXBuildFile; fileRef = 23837A2B207E9B8E006CB895 /* RTPSession.mm */; };
		3EC1E1AED28D977E9ABD3467 /* ModelController.swift in Sources */ = {isa = PBXBuildFile; fileRef = 3EC1E70B3E60058BEE4FD4F0 /* ModelController.swift */; };
		3EC1E4FC0A99426F5AD3BB33 /* SplitSoundTests.swift in Sources */ = {isa = PBXBuildFile; fileRef = 3EC1E6A643F1A2A4515404B7 /* SplitSoundTests.swift */; };
		3EC1E61A31E88096F8BB2188 /* RootViewController.swift in Sources */ = {isa = PBXBuildFile; fileRef = 3EC1EACDD85DF3A502583571 /* RootViewController.swift */; };
		3EC1E68537BD474BA08549FD /* SplitSoundUITests.swift in Sources */ = {isa = PBXBuildFile; fileRef = 3EC1E45ECF5144A4F3139F03 /* SplitSoundUITests.swift */; };
		3EC1E8C601E8FD8AC556A25D /* Main.storyboard in Resources */ = {isa = PBXBuildFile; fileRef = 3EC1EE71F148048A3405F251 /* Main.storyboard */; };
		3EC1E97786912C7BABE2C507 /* Assets.xcassets in Resources */ = {isa = PBXBuildFile; fileRef = 3EC1ED7EDA83C815C89493DE /* Assets.xcassets */; };
		3EC1EAF55EE8D6ED095ECD52 /* DataViewController.swift in Sources */ = {isa = PBXBuildFile; fileRef = 3EC1E9D16D265791059A9DFE /* DataViewController.swift */; };
		3EC1EBC42EA4F220B4FB7235 /* AppDelegate.swift in Sources */ = {isa = PBXBuildFile; fileRef = 3EC1E2BDF3252AC4E6A47FFD /* AppDelegate.swift */; };
		3EC1EE76C0FC4D981208AB61 /* LaunchScreen.storyboard in Resources */ = {isa = PBXBuildFile; fileRef = 3EC1E0589B59065FF784A01B /* LaunchScreen.storyboard */; };
		D0F23CF5D5A4AF96AA733C98 /* Pods_SplitSound.framework in Frameworks */ = {isa = PBXBuildFile; fileRef = 77AB8CEF6976E0A82A81C9EA /* Pods_SplitSound.framework */; };
		E807F9B6C9B728EDE8DCC21B /* Pods_SplitSoundUITests.framework in Frameworks */ = {isa = PBXBuildFile; fileRef = 2B4F5F80F1AFDCE0E602D1B4 /* Pods_SplitSoundUITests.framework */; };
		EE664BE9C50774A8E6DBC8B4 /* Pods_SplitSoundTests.framework in Frameworks */ = {isa = PBXBuildFile; fileRef = BDB0EAF3A0C67DA0C926EF15 /* Pods_SplitSoundTests.framework */; };
/* End PBXBuildFile section */

/* Begin PBXContainerItemProxy section */
		3EC1E3C9B5106505DD051483 /* PBXContainerItemProxy */ = {
			isa = PBXContainerItemProxy;
			containerPortal = 3EC1E271AF63445734B54B04 /* Project object */;
			proxyType = 1;
			remoteGlobalIDString = 3EC1E5ED0F53682E17695933;
			remoteInfo = SplitSound;
		};
		3EC1E6061EC1919EF9C4FBA3 /* PBXContainerItemProxy */ = {
			isa = PBXContainerItemProxy;
			containerPortal = 3EC1E271AF63445734B54B04 /* Project object */;
			proxyType = 1;
			remoteGlobalIDString = 3EC1E5ED0F53682E17695933;
			remoteInfo = SplitSound;
		};
/* End PBXContainerItemProxy section */

/* Begin PBXFileReference section */
		0E145DAB5E61B499353BC647 /* Pods-SplitSound.release.xcconfig */ = {isa = PBXFileReference; includeInIndex = 1; lastKnownFileType = text.xcconfig; name = "Pods-SplitSound.release.xcconfig"; path = "Pods/Target Support Files/Pods-SplitSound/Pods-SplitSound.release.xcconfig"; sourceTree = "<group>"; };
		23090B92207FF9A5001F9839 /* libjrtp.a */ = {isa = PBXFileReference; lastKnownFileType = archive.ar; name = libjrtp.a; path = "lib-iOS/lib/libjrtp.a"; sourceTree = "<group>"; };
		23837A29207E9A46006CB895 /* libjrtp.a */ = {isa = PBXFileReference; lastKnownFileType = archive.ar; name = libjrtp.a; path = JRTPLib/build/lib/libjrtp.a; sourceTree = "<group>"; };
		23837A2B207E9B8E006CB895 /* RTPSession.mm */ = {isa = PBXFileReference; explicitFileType = sourcecode.cpp.objcpp; name = RTPSession.mm; path = BridgeFiles/RTPSession.mm; sourceTree = SOURCE_ROOT; };
		23837A2D207E9BDD006CB895 /* RTPSession.h */ = {isa = PBXFileReference; explicitFileType = sourcecode.cpp.h; name = RTPSession.h; path = BridgeFiles/RTPSession.h; sourceTree = SOURCE_ROOT; };
		23837A32207EB33E006CB895 /* SplitSound-Bridging-Header.h */ = {isa = PBXFileReference; explicitFileType = sourcecode.cpp.h; fileEncoding = 4; path = "SplitSound-Bridging-Header.h"; sourceTree = SOURCE_ROOT; };
		2B4F5F80F1AFDCE0E602D1B4 /* Pods_SplitSoundUITests.framework */ = {isa = PBXFileReference; explicitFileType = wrapper.framework; includeInIndex = 0; path = Pods_SplitSoundUITests.framework; sourceTree = BUILT_PRODUCTS_DIR; };
		3EC1E1ADFD093DC20E66BCE5 /* SplitSoundUITests.xctest */ = {isa = PBXFileReference; explicitFileType = wrapper.cfbundle; includeInIndex = 0; path = SplitSoundUITests.xctest; sourceTree = BUILT_PRODUCTS_DIR; };
		3EC1E1FE62CA69333FFF24B1 /* Base */ = {isa = PBXFileReference; lastKnownFileType = file.storyboard; name = Base; path = Base.lproj/LaunchScreen.storyboard; sourceTree = "<group>"; };
		3EC1E20C491FC36EB7617146 /* Info.plist */ = {isa = PBXFileReference; lastKnownFileType = text.plist.info; path = Info.plist; sourceTree = "<group>"; };
		3EC1E2BDF3252AC4E6A47FFD /* AppDelegate.swift */ = {isa = PBXFileReference; lastKnownFileType = sourcecode.swift; path = AppDelegate.swift; sourceTree = "<group>"; };
		3EC1E45ECF5144A4F3139F03 /* SplitSoundUITests.swift */ = {isa = PBXFileReference; lastKnownFileType = sourcecode.swift; path = SplitSoundUITests.swift; sourceTree = "<group>"; };
		3EC1E56B6753175A92769056 /* SplitSoundTests.xctest */ = {isa = PBXFileReference; explicitFileType = wrapper.cfbundle; includeInIndex = 0; path = SplitSoundTests.xctest; sourceTree = BUILT_PRODUCTS_DIR; };
		3EC1E5B650193A4AC0BA2092 /* Info.plist */ = {isa = PBXFileReference; lastKnownFileType = text.plist.info; path = Info.plist; sourceTree = "<group>"; };
		3EC1E6A643F1A2A4515404B7 /* SplitSoundTests.swift */ = {isa = PBXFileReference; lastKnownFileType = sourcecode.swift; path = SplitSoundTests.swift; sourceTree = "<group>"; };
		3EC1E70B3E60058BEE4FD4F0 /* ModelController.swift */ = {isa = PBXFileReference; lastKnownFileType = sourcecode.swift; path = ModelController.swift; sourceTree = "<group>"; };
		3EC1E9D16D265791059A9DFE /* DataViewController.swift */ = {isa = PBXFileReference; lastKnownFileType = sourcecode.swift; path = DataViewController.swift; sourceTree = "<group>"; usesTabs = 0; };
		3EC1E9E8A90443954AF13611 /* Info.plist */ = {isa = PBXFileReference; lastKnownFileType = text.plist.info; path = Info.plist; sourceTree = "<group>"; };
		3EC1EA18E6A43066004BD6C4 /* SplitSound.app */ = {isa = PBXFileReference; explicitFileType = wrapper.application; includeInIndex = 0; path = SplitSound.app; sourceTree = BUILT_PRODUCTS_DIR; };
		3EC1EACDD85DF3A502583571 /* RootViewController.swift */ = {isa = PBXFileReference; lastKnownFileType = sourcecode.swift; path = RootViewController.swift; sourceTree = "<group>"; };
		3EC1EB12CAA30522C75F0F3D /* Base */ = {isa = PBXFileReference; lastKnownFileType = file.storyboard; name = Base; path = Base.lproj/Main.storyboard; sourceTree = "<group>"; };
		3EC1ED7EDA83C815C89493DE /* Assets.xcassets */ = {isa = PBXFileReference; lastKnownFileType = folder.assetcatalog; path = Assets.xcassets; sourceTree = "<group>"; };
		7213864B207EC031001515AD /* OCPPHeader.h */ = {isa = PBXFileReference; fileEncoding = 4; lastKnownFileType = sourcecode.c.h; path = OCPPHeader.h; sourceTree = "<group>"; };
		7213864C207EC040001515AD /* OCPPFile.mm */ = {isa = PBXFileReference; fileEncoding = 4; lastKnownFileType = sourcecode.cpp.objcpp; path = OCPPFile.mm; sourceTree = "<group>"; };
		7213864F207EC084001515AD /* testh.h */ = {isa = PBXFileReference; fileEncoding = 4; lastKnownFileType = sourcecode.c.h; path = testh.h; sourceTree = "<group>"; };
		72138651207EC26F001515AD /* SplitSound-Bridging-Header.h */ = {isa = PBXFileReference; fileEncoding = 4; lastKnownFileType = sourcecode.c.h; path = "SplitSound-Bridging-Header.h"; sourceTree = "<group>"; };
		72138655207EC329001515AD /* testh.cpp */ = {isa = PBXFileReference; lastKnownFileType = sourcecode.cpp.cpp; path = testh.cpp; sourceTree = "<group>"; };
		77AB8CEF6976E0A82A81C9EA /* Pods_SplitSound.framework */ = {isa = PBXFileReference; explicitFileType = wrapper.framework; includeInIndex = 0; path = Pods_SplitSound.framework; sourceTree = BUILT_PRODUCTS_DIR; };
		84F6DF9B75132F5585E9BA0F /* Pods-SplitSoundUITests.release.xcconfig */ = {isa = PBXFileReference; includeInIndex = 1; lastKnownFileType = text.xcconfig; name = "Pods-SplitSoundUITests.release.xcconfig"; path = "Pods/Target Support Files/Pods-SplitSoundUITests/Pods-SplitSoundUITests.release.xcconfig"; sourceTree = "<group>"; };
		9512F89244760A95D0457800 /* Pods-SplitSoundTests.release.xcconfig */ = {isa = PBXFileReference; includeInIndex = 1; lastKnownFileType = text.xcconfig; name = "Pods-SplitSoundTests.release.xcconfig"; path = "Pods/Target Support Files/Pods-SplitSoundTests/Pods-SplitSoundTests.release.xcconfig"; sourceTree = "<group>"; };
		BDB0EAF3A0C67DA0C926EF15 /* Pods_SplitSoundTests.framework */ = {isa = PBXFileReference; explicitFileType = wrapper.framework; includeInIndex = 0; path = Pods_SplitSoundTests.framework; sourceTree = BUILT_PRODUCTS_DIR; };
		DC55601E24B20E301BCCAAD9 /* Pods-SplitSoundTests.debug.xcconfig */ = {isa = PBXFileReference; includeInIndex = 1; lastKnownFileType = text.xcconfig; name = "Pods-SplitSoundTests.debug.xcconfig"; path = "Pods/Target Support Files/Pods-SplitSoundTests/Pods-SplitSoundTests.debug.xcconfig"; sourceTree = "<group>"; };
		E528647F90D5867C56C47187 /* Pods-SplitSound.debug.xcconfig */ = {isa = PBXFileReference; includeInIndex = 1; lastKnownFileType = text.xcconfig; name = "Pods-SplitSound.debug.xcconfig"; path = "Pods/Target Support Files/Pods-SplitSound/Pods-SplitSound.debug.xcconfig"; sourceTree = "<group>"; };
		F1DDF265946D9220BF8BCC40 /* Pods-SplitSoundUITests.debug.xcconfig */ = {isa = PBXFileReference; includeInIndex = 1; lastKnownFileType = text.xcconfig; name = "Pods-SplitSoundUITests.debug.xcconfig"; path = "Pods/Target Support Files/Pods-SplitSoundUITests/Pods-SplitSoundUITests.debug.xcconfig"; sourceTree = "<group>"; };
/* End PBXFileReference section */

/* Begin PBXFrameworksBuildPhase section */
		3EC1E5A8F3C79A4FC6503F6C /* Frameworks */ = {
			isa = PBXFrameworksBuildPhase;
			buildActionMask = 2147483647;
			files = (
				23090B93207FF9A5001F9839 /* libjrtp.a in Frameworks */,
				D0F23CF5D5A4AF96AA733C98 /* Pods_SplitSound.framework in Frameworks */,
			);
			runOnlyForDeploymentPostprocessing = 0;
		};
		3EC1E75350F1E289D09BFB3F /* Frameworks */ = {
			isa = PBXFrameworksBuildPhase;
			buildActionMask = 2147483647;
			files = (
				E807F9B6C9B728EDE8DCC21B /* Pods_SplitSoundUITests.framework in Frameworks */,
			);
			runOnlyForDeploymentPostprocessing = 0;
		};
		3EC1EEB1242E2AAB26986613 /* Frameworks */ = {
			isa = PBXFrameworksBuildPhase;
			buildActionMask = 2147483647;
			files = (
				EE664BE9C50774A8E6DBC8B4 /* Pods_SplitSoundTests.framework in Frameworks */,
			);
			runOnlyForDeploymentPostprocessing = 0;
		};
/* End PBXFrameworksBuildPhase section */

/* Begin PBXGroup section */
		3EC1E20CCE6BEA09D3391EA9 /* Products */ = {
			isa = PBXGroup;
			children = (
				3EC1EA18E6A43066004BD6C4 /* SplitSound.app */,
				3EC1E56B6753175A92769056 /* SplitSoundTests.xctest */,
				3EC1E1ADFD093DC20E66BCE5 /* SplitSoundUITests.xctest */,
			);
			name = Products;
			sourceTree = "<group>";
		};
		3EC1E27BD0EE62CD977E4297 /* SplitSoundUITests */ = {
			isa = PBXGroup;
			children = (
				3EC1E5B650193A4AC0BA2092 /* Info.plist */,
				3EC1E45ECF5144A4F3139F03 /* SplitSoundUITests.swift */,
			);
			path = SplitSoundUITests;
			sourceTree = "<group>";
		};
		3EC1EC5932EAEAD0CD22FD97 /* SplitSound */ = {
			isa = PBXGroup;
			children = (
				23837A32207EB33E006CB895 /* SplitSound-Bridging-Header.h */,
				3EC1E20C491FC36EB7617146 /* Info.plist */,
				3EC1ED7EDA83C815C89493DE /* Assets.xcassets */,
				3EC1E0589B59065FF784A01B /* LaunchScreen.storyboard */,
				3EC1E2BDF3252AC4E6A47FFD /* AppDelegate.swift */,
				3EC1EE71F148048A3405F251 /* Main.storyboard */,
				3EC1EACDD85DF3A502583571 /* RootViewController.swift */,
				3EC1E9D16D265791059A9DFE /* DataViewController.swift */,
				3EC1E70B3E60058BEE4FD4F0 /* ModelController.swift */,
				23837A2B207E9B8E006CB895 /* RTPSession.mm */,
				23837A2D207E9BDD006CB895 /* RTPSession.h */,
			);
			path = SplitSound;
			sourceTree = "<group>";
		};
		3EC1EE669B272C131F5D1914 /* SplitSoundTests */ = {
			isa = PBXGroup;
			children = (
				3EC1E9E8A90443954AF13611 /* Info.plist */,
				3EC1E6A643F1A2A4515404B7 /* SplitSoundTests.swift */,
			);
			path = SplitSoundTests;
			sourceTree = "<group>";
		};
		3EC1EFD1553B9648DE7E503A = {
			isa = PBXGroup;
			children = (
				72138655207EC329001515AD /* testh.cpp */,
				72138651207EC26F001515AD /* SplitSound-Bridging-Header.h */,
				7213864F207EC084001515AD /* testh.h */,
				7213864C207EC040001515AD /* OCPPFile.mm */,
				7213864B207EC031001515AD /* OCPPHeader.h */,
				3EC1E20CCE6BEA09D3391EA9 /* Products */,
				3EC1EC5932EAEAD0CD22FD97 /* SplitSound */,
				3EC1EE669B272C131F5D1914 /* SplitSoundTests */,
				3EC1E27BD0EE62CD977E4297 /* SplitSoundUITests */,
				E3542BE7D17664B59C75958E /* Pods */,
				C972126BB66931784591DCB4 /* Frameworks */,
			);
			sourceTree = "<group>";
		};
		C972126BB66931784591DCB4 /* Frameworks */ = {
			isa = PBXGroup;
			children = (
				23837A29207E9A46006CB895 /* libjrtp.a */,
				23090B92207FF9A5001F9839 /* libjrtp.a */,
				77AB8CEF6976E0A82A81C9EA /* Pods_SplitSound.framework */,
				BDB0EAF3A0C67DA0C926EF15 /* Pods_SplitSoundTests.framework */,
				2B4F5F80F1AFDCE0E602D1B4 /* Pods_SplitSoundUITests.framework */,
			);
			name = Frameworks;
			sourceTree = "<group>";
		};
		E3542BE7D17664B59C75958E /* Pods */ = {
			isa = PBXGroup;
			children = (
				84F6DF9B75132F5585E9BA0F /* Pods-SplitSoundUITests.release.xcconfig */,
				E528647F90D5867C56C47187 /* Pods-SplitSound.debug.xcconfig */,
				0E145DAB5E61B499353BC647 /* Pods-SplitSound.release.xcconfig */,
				DC55601E24B20E301BCCAAD9 /* Pods-SplitSoundTests.debug.xcconfig */,
				9512F89244760A95D0457800 /* Pods-SplitSoundTests.release.xcconfig */,
				F1DDF265946D9220BF8BCC40 /* Pods-SplitSoundUITests.debug.xcconfig */,
			);
			name = Pods;
			sourceTree = "<group>";
		};
/* End PBXGroup section */

/* Begin PBXNativeTarget section */
		3EC1E343F8F732EE66478638 /* SplitSoundTests */ = {
			isa = PBXNativeTarget;
			buildConfigurationList = 3EC1E661A0DD7B76E2808ABF /* Build configuration list for PBXNativeTarget "SplitSoundTests" */;
			buildPhases = (
				33C64EE3F5FAC8B3F8DA4DDB /* [CP] Check Pods Manifest.lock */,
				3EC1E5A5F9EE939A0DD20EAF /* Sources */,
				3EC1EEB1242E2AAB26986613 /* Frameworks */,
				3EC1EF733E0DFCA8FE618788 /* Resources */,
			);
			buildRules = (
			);
			dependencies = (
				3EC1E0467616C2A8CB0A26C8 /* PBXTargetDependency */,
			);
			name = SplitSoundTests;
			productName = SplitSoundTests;
			productReference = 3EC1E56B6753175A92769056 /* SplitSoundTests.xctest */;
			productType = "com.apple.product-type.bundle.unit-test";
		};
		3EC1E5ED0F53682E17695933 /* SplitSound */ = {
			isa = PBXNativeTarget;
			buildConfigurationList = 3EC1E2585A9F8BA5B89027EF /* Build configuration list for PBXNativeTarget "SplitSound" */;
			buildPhases = (
				5F786D0164D2C1AB7A0EDF61 /* [CP] Check Pods Manifest.lock */,
				3EC1ED6ABD519BF8578B6F50 /* Sources */,
				3EC1E5A8F3C79A4FC6503F6C /* Frameworks */,
				3EC1EEBAFCC8643720BCEB10 /* Resources */,
				404A161FE05ED2E390AA0C53 /* [CP] Embed Pods Frameworks */,
			);
			buildRules = (
			);
			dependencies = (
			);
			name = SplitSound;
			productName = SplitSound;
			productReference = 3EC1EA18E6A43066004BD6C4 /* SplitSound.app */;
			productType = "com.apple.product-type.application";
		};
		3EC1E8A9456F899AF4B9E6B2 /* SplitSoundUITests */ = {
			isa = PBXNativeTarget;
			buildConfigurationList = 3EC1EEEF3A8D1ACACE5F1D34 /* Build configuration list for PBXNativeTarget "SplitSoundUITests" */;
			buildPhases = (
				0B9DB31620FBA2C304884228 /* [CP] Check Pods Manifest.lock */,
				3EC1E548852BDE3536C2B330 /* Sources */,
				3EC1E75350F1E289D09BFB3F /* Frameworks */,
				3EC1E93B0C2B2259335A5422 /* Resources */,
			);
			buildRules = (
			);
			dependencies = (
				3EC1EA282845840E5F9F36D3 /* PBXTargetDependency */,
			);
			name = SplitSoundUITests;
			productName = SplitSoundUITests;
			productReference = 3EC1E1ADFD093DC20E66BCE5 /* SplitSoundUITests.xctest */;
			productType = "com.apple.product-type.bundle.ui-testing";
		};
/* End PBXNativeTarget section */

/* Begin PBXProject section */
		3EC1E271AF63445734B54B04 /* Project object */ = {
			isa = PBXProject;
			attributes = {
				ORGANIZATIONNAME = "Symboxtra Software";
				TargetAttributes = {
					3EC1E343F8F732EE66478638 = {
						LastSwiftMigration = 0920;
					};
					3EC1E5ED0F53682E17695933 = {
						DevelopmentTeam = VY3PXR54B9;
						LastSwiftMigration = 0920;
					};
					3EC1E8A9456F899AF4B9E6B2 = {
						LastSwiftMigration = 0920;
					};
				};
			};
			buildConfigurationList = 3EC1E82F3FD65B3912ADC65C /* Build configuration list for PBXProject "SplitSound" */;
			compatibilityVersion = "Xcode 3.2";
			developmentRegion = English;
			hasScannedForEncodings = 0;
			knownRegions = (
				en,
			);
			mainGroup = 3EC1EFD1553B9648DE7E503A;
			productRefGroup = 3EC1E20CCE6BEA09D3391EA9 /* Products */;
			projectDirPath = "";
			projectRoot = "";
			targets = (
				3EC1E5ED0F53682E17695933 /* SplitSound */,
				3EC1E343F8F732EE66478638 /* SplitSoundTests */,
				3EC1E8A9456F899AF4B9E6B2 /* SplitSoundUITests */,
			);
		};
/* End PBXProject section */

/* Begin PBXResourcesBuildPhase section */
		3EC1E93B0C2B2259335A5422 /* Resources */ = {
			isa = PBXResourcesBuildPhase;
			buildActionMask = 2147483647;
			files = (
			);
			runOnlyForDeploymentPostprocessing = 0;
		};
		3EC1EEBAFCC8643720BCEB10 /* Resources */ = {
			isa = PBXResourcesBuildPhase;
			buildActionMask = 2147483647;
			files = (
				3EC1E97786912C7BABE2C507 /* Assets.xcassets in Resources */,
				3EC1EE76C0FC4D981208AB61 /* LaunchScreen.storyboard in Resources */,
				3EC1E8C601E8FD8AC556A25D /* Main.storyboard in Resources */,
			);
			runOnlyForDeploymentPostprocessing = 0;
		};
		3EC1EF733E0DFCA8FE618788 /* Resources */ = {
			isa = PBXResourcesBuildPhase;
			buildActionMask = 2147483647;
			files = (
			);
			runOnlyForDeploymentPostprocessing = 0;
		};
/* End PBXResourcesBuildPhase section */

/* Begin PBXShellScriptBuildPhase section */
		0B9DB31620FBA2C304884228 /* [CP] Check Pods Manifest.lock */ = {
			isa = PBXShellScriptBuildPhase;
			buildActionMask = 2147483647;
			files = (
			);
			inputPaths = (
				"${PODS_PODFILE_DIR_PATH}/Podfile.lock",
				"${PODS_ROOT}/Manifest.lock",
			);
			name = "[CP] Check Pods Manifest.lock";
			outputPaths = (
				"$(DERIVED_FILE_DIR)/Pods-SplitSoundUITests-checkManifestLockResult.txt",
			);
			runOnlyForDeploymentPostprocessing = 0;
			shellPath = /bin/sh;
			shellScript = "diff \"${PODS_PODFILE_DIR_PATH}/Podfile.lock\" \"${PODS_ROOT}/Manifest.lock\" > /dev/null\nif [ $? != 0 ] ; then\n    # print error to STDERR\n    echo \"error: The sandbox is not in sync with the Podfile.lock. Run 'pod install' or update your CocoaPods installation.\" >&2\n    exit 1\nfi\n# This output is used by Xcode 'outputs' to avoid re-running this script phase.\necho \"SUCCESS\" > \"${SCRIPT_OUTPUT_FILE_0}\"\n";
			showEnvVarsInLog = 0;
		};
		33C64EE3F5FAC8B3F8DA4DDB /* [CP] Check Pods Manifest.lock */ = {
			isa = PBXShellScriptBuildPhase;
			buildActionMask = 2147483647;
			files = (
			);
			inputPaths = (
				"${PODS_PODFILE_DIR_PATH}/Podfile.lock",
				"${PODS_ROOT}/Manifest.lock",
			);
			name = "[CP] Check Pods Manifest.lock";
			outputPaths = (
				"$(DERIVED_FILE_DIR)/Pods-SplitSoundTests-checkManifestLockResult.txt",
			);
			runOnlyForDeploymentPostprocessing = 0;
			shellPath = /bin/sh;
			shellScript = "diff \"${PODS_PODFILE_DIR_PATH}/Podfile.lock\" \"${PODS_ROOT}/Manifest.lock\" > /dev/null\nif [ $? != 0 ] ; then\n    # print error to STDERR\n    echo \"error: The sandbox is not in sync with the Podfile.lock. Run 'pod install' or update your CocoaPods installation.\" >&2\n    exit 1\nfi\n# This output is used by Xcode 'outputs' to avoid re-running this script phase.\necho \"SUCCESS\" > \"${SCRIPT_OUTPUT_FILE_0}\"\n";
			showEnvVarsInLog = 0;
		};
		404A161FE05ED2E390AA0C53 /* [CP] Embed Pods Frameworks */ = {
			isa = PBXShellScriptBuildPhase;
			buildActionMask = 2147483647;
			files = (
			);
			inputPaths = (
				"${SRCROOT}/Pods/Target Support Files/Pods-SplitSound/Pods-SplitSound-frameworks.sh",
				"${PODS_ROOT}/AudioKit/iOS/AudioKit.framework",
				"${PODS_ROOT}/AudioKit/iOS/AudioKitUI.framework",
			);
			name = "[CP] Embed Pods Frameworks";
			outputPaths = (
				"${TARGET_BUILD_DIR}/${FRAMEWORKS_FOLDER_PATH}/AudioKit.framework",
				"${TARGET_BUILD_DIR}/${FRAMEWORKS_FOLDER_PATH}/AudioKitUI.framework",
			);
			runOnlyForDeploymentPostprocessing = 0;
			shellPath = /bin/sh;
			shellScript = "\"${SRCROOT}/Pods/Target Support Files/Pods-SplitSound/Pods-SplitSound-frameworks.sh\"\n";
			showEnvVarsInLog = 0;
		};
		5F786D0164D2C1AB7A0EDF61 /* [CP] Check Pods Manifest.lock */ = {
			isa = PBXShellScriptBuildPhase;
			buildActionMask = 2147483647;
			files = (
			);
			inputPaths = (
				"${PODS_PODFILE_DIR_PATH}/Podfile.lock",
				"${PODS_ROOT}/Manifest.lock",
			);
			name = "[CP] Check Pods Manifest.lock";
			outputPaths = (
				"$(DERIVED_FILE_DIR)/Pods-SplitSound-checkManifestLockResult.txt",
			);
			runOnlyForDeploymentPostprocessing = 0;
			shellPath = /bin/sh;
			shellScript = "diff \"${PODS_PODFILE_DIR_PATH}/Podfile.lock\" \"${PODS_ROOT}/Manifest.lock\" > /dev/null\nif [ $? != 0 ] ; then\n    # print error to STDERR\n    echo \"error: The sandbox is not in sync with the Podfile.lock. Run 'pod install' or update your CocoaPods installation.\" >&2\n    exit 1\nfi\n# This output is used by Xcode 'outputs' to avoid re-running this script phase.\necho \"SUCCESS\" > \"${SCRIPT_OUTPUT_FILE_0}\"\n";
			showEnvVarsInLog = 0;
		};
/* End PBXShellScriptBuildPhase section */

/* Begin PBXSourcesBuildPhase section */
		3EC1E548852BDE3536C2B330 /* Sources */ = {
			isa = PBXSourcesBuildPhase;
			buildActionMask = 2147483647;
			files = (
				3EC1E68537BD474BA08549FD /* SplitSoundUITests.swift in Sources */,
			);
			runOnlyForDeploymentPostprocessing = 0;
		};
		3EC1E5A5F9EE939A0DD20EAF /* Sources */ = {
			isa = PBXSourcesBuildPhase;
			buildActionMask = 2147483647;
			files = (
				3EC1E4FC0A99426F5AD3BB33 /* SplitSoundTests.swift in Sources */,
			);
			runOnlyForDeploymentPostprocessing = 0;
		};
		3EC1ED6ABD519BF8578B6F50 /* Sources */ = {
			isa = PBXSourcesBuildPhase;
			buildActionMask = 2147483647;
			files = (
				3EC1EBC42EA4F220B4FB7235 /* AppDelegate.swift in Sources */,
				3EC1E61A31E88096F8BB2188 /* RootViewController.swift in Sources */,
				23837A2C207E9B8E006CB895 /* RTPSession.mm in Sources */,
				3EC1EAF55EE8D6ED095ECD52 /* DataViewController.swift in Sources */,
				3EC1E1AED28D977E9ABD3467 /* ModelController.swift in Sources */,
			);
			runOnlyForDeploymentPostprocessing = 0;
		};
/* End PBXSourcesBuildPhase section */

/* Begin PBXTargetDependency section */
		3EC1E0467616C2A8CB0A26C8 /* PBXTargetDependency */ = {
			isa = PBXTargetDependency;
			target = 3EC1E5ED0F53682E17695933 /* SplitSound */;
			targetProxy = 3EC1E6061EC1919EF9C4FBA3 /* PBXContainerItemProxy */;
		};
		3EC1EA282845840E5F9F36D3 /* PBXTargetDependency */ = {
			isa = PBXTargetDependency;
			target = 3EC1E5ED0F53682E17695933 /* SplitSound */;
			targetProxy = 3EC1E3C9B5106505DD051483 /* PBXContainerItemProxy */;
		};
/* End PBXTargetDependency section */

/* Begin PBXVariantGroup section */
		3EC1E0589B59065FF784A01B /* LaunchScreen.storyboard */ = {
			isa = PBXVariantGroup;
			children = (
				3EC1E1FE62CA69333FFF24B1 /* Base */,
			);
			name = LaunchScreen.storyboard;
			sourceTree = "<group>";
		};
		3EC1EE71F148048A3405F251 /* Main.storyboard */ = {
			isa = PBXVariantGroup;
			children = (
				3EC1EB12CAA30522C75F0F3D /* Base */,
			);
			name = Main.storyboard;
			sourceTree = "<group>";
		};
/* End PBXVariantGroup section */

/* Begin XCBuildConfiguration section */
		3EC1E0EE7B6D5EB899995769 /* Debug */ = {
			isa = XCBuildConfiguration;
			baseConfigurationReference = E528647F90D5867C56C47187 /* Pods-SplitSound.debug.xcconfig */;
			buildSettings = {
				ASSETCATALOG_COMPILER_APPICON_NAME = AppIcon;
				DEVELOPMENT_TEAM = "";
				GCC_INPUT_FILETYPE = automatic;
				HEADER_SEARCH_PATHS = "$(PROJECT_DIR)/lib-iOS/include";
				INFOPLIST_FILE = SplitSound/Info.plist;
				LD_RUNPATH_SEARCH_PATHS = "$(inherited) @executable_path/Frameworks";
				LIBRARY_SEARCH_PATHS = (
					"$(inherited)",
					"$(PROJECT_DIR)/lib-iOS/lib",
				);
				PRODUCT_BUNDLE_IDENTIFIER = "Symboxtra-Software.SplitSound";
				PRODUCT_NAME = "$(TARGET_NAME)";
				SWIFT_OBJC_BRIDGING_HEADER = "$(PROJECT_DIR)/SplitSound-Bridging-Header.h";
				SWIFT_PRECOMPILE_BRIDGING_HEADER = YES;
				SWIFT_VERSION = 4.0;
				TARGETED_DEVICE_FAMILY = "1,2";
			};
			name = Debug;
		};
		3EC1E1B67A01E9EB86340A49 /* Debug */ = {
			isa = XCBuildConfiguration;
			baseConfigurationReference = DC55601E24B20E301BCCAAD9 /* Pods-SplitSoundTests.debug.xcconfig */;
			buildSettings = {
				BUNDLE_LOADER = "$(BUILT_PRODUCTS_DIR)/SplitSound.app/SplitSound";
				GCC_INPUT_FILETYPE = automatic;
				INFOPLIST_FILE = SplitSoundTests/Info.plist;
				LD_RUNPATH_SEARCH_PATHS = "$(inherited) @executable_path/Frameworks @loader_path/Frameworks";
				PRODUCT_BUNDLE_IDENTIFIER = "Symboxtra-Software.SplitSoundTests";
				PRODUCT_NAME = "$(TARGET_NAME)";
				SWIFT_OBJC_BRIDGING_HEADER = "$(PROJECT_DIR)/SplitSound-Bridging-Header.h";
				SWIFT_VERSION = 4.0;
				TARGETED_DEVICE_FAMILY = "1,2";
				TEST_HOST = "$(BUNDLE_LOADER)";
			};
			name = Debug;
		};
		3EC1E316A2E93AF62F94450A /* Release */ = {
			isa = XCBuildConfiguration;
			buildSettings = {
				ALWAYS_SEARCH_USER_PATHS = NO;
				CLANG_ANALYZER_NONNULL = YES;
				CLANG_ANALYZER_NUMBER_OBJECT_CONVERSION = YES_AGGRESSIVE;
				CLANG_CXX_LANGUAGE_STANDARD = "gnu++14";
				CLANG_CXX_LIBRARY = "libstdc++";
				CLANG_ENABLE_MODULES = YES;
				CLANG_ENABLE_OBJC_ARC = YES;
				CLANG_WARN_BLOCK_CAPTURE_AUTORELEASING = YES;
				CLANG_WARN_BOOL_CONVERSION = YES;
				CLANG_WARN_COMMA = YES;
				CLANG_WARN_CONSTANT_CONVERSION = YES;
				CLANG_WARN_DIRECT_OBJC_ISA_USAGE = YES_ERROR;
				CLANG_WARN_DOCUMENTATION_COMMENTS = YES;
				CLANG_WARN_EMPTY_BODY = YES;
				CLANG_WARN_ENUM_CONVERSION = YES;
				CLANG_WARN_INFINITE_RECURSION = YES;
				CLANG_WARN_INT_CONVERSION = YES;
				CLANG_WARN_NON_LITERAL_NULL_CONVERSION = YES;
				CLANG_WARN_OBJC_LITERAL_CONVERSION = YES;
				CLANG_WARN_OBJC_ROOT_CLASS = YES_ERROR;
				CLANG_WARN_RANGE_LOOP_ANALYSIS = YES;
				CLANG_WARN_STRICT_PROTOTYPES = YES;
				CLANG_WARN_SUSPICIOUS_MOVE = YES;
				CLANG_WARN_UNGUARDED_AVAILABILITY = YES_AGGRESSIVE;
				CLANG_WARN_UNREACHABLE_CODE = YES;
				CLANG_WARN__DUPLICATE_METHOD_MATCH = YES;
				CODE_SIGN_IDENTITY = "iPhone Developer";
				COPY_PHASE_STRIP = NO;
				DEBUG_INFORMATION_FORMAT = "dwarf-with-dsym";
				ENABLE_NS_ASSERTIONS = NO;
				ENABLE_STRICT_OBJC_MSGSEND = YES;
				GCC_C_LANGUAGE_STANDARD = gnu11;
				GCC_INPUT_FILETYPE = sourcecode.cpp.objcpp;
				GCC_NO_COMMON_BLOCKS = YES;
				GCC_WARN_64_TO_32_BIT_CONVERSION = YES;
				GCC_WARN_ABOUT_RETURN_TYPE = YES_ERROR;
				GCC_WARN_UNDECLARED_SELECTOR = YES;
				GCC_WARN_UNINITIALIZED_AUTOS = YES_AGGRESSIVE;
				GCC_WARN_UNUSED_FUNCTION = YES;
				GCC_WARN_UNUSED_VARIABLE = YES;
				IPHONEOS_DEPLOYMENT_TARGET = 11.2;
				MTL_ENABLE_DEBUG_INFO = NO;
				SDKROOT = iphoneos;
				SWIFT_OBJC_BRIDGING_HEADER = "$(PROJECT_DIR)/SplitSound-Bridging-Header.h";
				SWIFT_OPTIMIZATION_LEVEL = "-Owholemodule";
				SWIFT_PRECOMPILE_BRIDGING_HEADER = YES;
				VALIDATE_PRODUCT = YES;
			};
			name = Release;
		};
		3EC1E4119922E423DCEADBA9 /* Debug */ = {
			isa = XCBuildConfiguration;
			baseConfigurationReference = F1DDF265946D9220BF8BCC40 /* Pods-SplitSoundUITests.debug.xcconfig */;
			buildSettings = {
				GCC_INPUT_FILETYPE = automatic;
				INFOPLIST_FILE = SplitSoundUITests/Info.plist;
				LD_RUNPATH_SEARCH_PATHS = "$(inherited) @executable_path/Frameworks @loader_path/Frameworks";
				PRODUCT_BUNDLE_IDENTIFIER = "Symboxtra-Software.SplitSoundUITests";
				PRODUCT_NAME = "$(TARGET_NAME)";
				SWIFT_OPTIMIZATION_LEVEL = "-Onone";
				SWIFT_VERSION = 4.0;
				TARGETED_DEVICE_FAMILY = "1,2";
				TEST_TARGET_NAME = SplitSound;
			};
			name = Debug;
		};
		3EC1E9AA47C22E713C80853F /* Release */ = {
			isa = XCBuildConfiguration;
			baseConfigurationReference = 9512F89244760A95D0457800 /* Pods-SplitSoundTests.release.xcconfig */;
			buildSettings = {
				BUNDLE_LOADER = "$(BUILT_PRODUCTS_DIR)/SplitSound.app/SplitSound";
				GCC_INPUT_FILETYPE = automatic;
				INFOPLIST_FILE = SplitSoundTests/Info.plist;
				LD_RUNPATH_SEARCH_PATHS = "$(inherited) @executable_path/Frameworks @loader_path/Frameworks";
				PRODUCT_BUNDLE_IDENTIFIER = "Symboxtra-Software.SplitSoundTests";
				PRODUCT_NAME = "$(TARGET_NAME)";
				SWIFT_OBJC_BRIDGING_HEADER = "$(PROJECT_DIR)/SplitSound-Bridging-Header.h";
				SWIFT_VERSION = 4.0;
				TARGETED_DEVICE_FAMILY = "1,2";
				TEST_HOST = "$(BUNDLE_LOADER)";
			};
			name = Release;
		};
		3EC1EB976C8B9CB832D1215B /* Release */ = {
			isa = XCBuildConfiguration;
			baseConfigurationReference = 84F6DF9B75132F5585E9BA0F /* Pods-SplitSoundUITests.release.xcconfig */;
			buildSettings = {
				GCC_INPUT_FILETYPE = automatic;
				INFOPLIST_FILE = SplitSoundUITests/Info.plist;
				LD_RUNPATH_SEARCH_PATHS = "$(inherited) @executable_path/Frameworks @loader_path/Frameworks";
				PRODUCT_BUNDLE_IDENTIFIER = "Symboxtra-Software.SplitSoundUITests";
				PRODUCT_NAME = "$(TARGET_NAME)";
				SWIFT_VERSION = 4.0;
				TARGETED_DEVICE_FAMILY = "1,2";
				TEST_TARGET_NAME = SplitSound;
			};
			name = Release;
		};
		3EC1EC238D38E3475543D2B9 /* Debug */ = {
			isa = XCBuildConfiguration;
			buildSettings = {
				ALWAYS_SEARCH_USER_PATHS = NO;
				CLANG_ANALYZER_NONNULL = YES;
				CLANG_ANALYZER_NUMBER_OBJECT_CONVERSION = YES_AGGRESSIVE;
				CLANG_CXX_LANGUAGE_STANDARD = "gnu++14";
				CLANG_CXX_LIBRARY = "libstdc++";
				CLANG_ENABLE_MODULES = YES;
				CLANG_ENABLE_OBJC_ARC = YES;
				CLANG_WARN_BLOCK_CAPTURE_AUTORELEASING = YES;
				CLANG_WARN_BOOL_CONVERSION = YES;
				CLANG_WARN_COMMA = YES;
				CLANG_WARN_CONSTANT_CONVERSION = YES;
				CLANG_WARN_DIRECT_OBJC_ISA_USAGE = YES_ERROR;
				CLANG_WARN_DOCUMENTATION_COMMENTS = YES;
				CLANG_WARN_EMPTY_BODY = YES;
				CLANG_WARN_ENUM_CONVERSION = YES;
				CLANG_WARN_INFINITE_RECURSION = YES;
				CLANG_WARN_INT_CONVERSION = YES;
				CLANG_WARN_NON_LITERAL_NULL_CONVERSION = YES;
				CLANG_WARN_OBJC_LITERAL_CONVERSION = YES;
				CLANG_WARN_OBJC_ROOT_CLASS = YES_ERROR;
				CLANG_WARN_RANGE_LOOP_ANALYSIS = YES;
				CLANG_WARN_STRICT_PROTOTYPES = YES;
				CLANG_WARN_SUSPICIOUS_MOVE = YES;
				CLANG_WARN_UNGUARDED_AVAILABILITY = YES_AGGRESSIVE;
				CLANG_WARN_UNREACHABLE_CODE = YES;
				CLANG_WARN__DUPLICATE_METHOD_MATCH = YES;
				CODE_SIGN_IDENTITY = "iPhone Developer";
				COPY_PHASE_STRIP = NO;
				DEBUG_INFORMATION_FORMAT = dwarf;
				ENABLE_STRICT_OBJC_MSGSEND = YES;
				ENABLE_TESTABILITY = YES;
				GCC_C_LANGUAGE_STANDARD = gnu11;
				GCC_DYNAMIC_NO_PIC = NO;
				GCC_INPUT_FILETYPE = sourcecode.cpp.objcpp;
				GCC_NO_COMMON_BLOCKS = YES;
				GCC_OPTIMIZATION_LEVEL = 0;
				GCC_PREPROCESSOR_DEFINITIONS = (
					"DEBUG=1",
					"$(inherited)",
				);
				GCC_WARN_64_TO_32_BIT_CONVERSION = YES;
				GCC_WARN_ABOUT_RETURN_TYPE = YES_ERROR;
				GCC_WARN_UNDECLARED_SELECTOR = YES;
				GCC_WARN_UNINITIALIZED_AUTOS = YES_AGGRESSIVE;
				GCC_WARN_UNUSED_FUNCTION = YES;
				GCC_WARN_UNUSED_VARIABLE = YES;
				IPHONEOS_DEPLOYMENT_TARGET = 11.2;
				MTL_ENABLE_DEBUG_INFO = YES;
				ONLY_ACTIVE_ARCH = YES;
				SDKROOT = iphoneos;
				SWIFT_ACTIVE_COMPILATION_CONDITIONS = DEBUG;
				SWIFT_OBJC_BRIDGING_HEADER = "$(PROJECT_DIR)/SplitSound-Bridging-Header.h";
				SWIFT_OPTIMIZATION_LEVEL = "-Onone";
				SWIFT_PRECOMPILE_BRIDGING_HEADER = YES;
			};
			name = Debug;
		};
		3EC1EFBD3E43698AC7DDBEDE /* Release */ = {
			isa = XCBuildConfiguration;
			baseConfigurationReference = 0E145DAB5E61B499353BC647 /* Pods-SplitSound.release.xcconfig */;
			buildSettings = {
				ASSETCATALOG_COMPILER_APPICON_NAME = AppIcon;
				DEVELOPMENT_TEAM = "";
				GCC_INPUT_FILETYPE = automatic;
				HEADER_SEARCH_PATHS = "$(PROJECT_DIR)/lib-iOS/include";
				INFOPLIST_FILE = SplitSound/Info.plist;
				LD_RUNPATH_SEARCH_PATHS = "$(inherited) @executable_path/Frameworks";
				LIBRARY_SEARCH_PATHS = (
					"$(inherited)",
					"$(PROJECT_DIR)/lib-iOS/lib",
				);
				PRODUCT_BUNDLE_IDENTIFIER = "Symboxtra-Software.SplitSound";
				PRODUCT_NAME = "$(TARGET_NAME)";
				SWIFT_OBJC_BRIDGING_HEADER = "$(PROJECT_DIR)/SplitSound-Bridging-Header.h";
				SWIFT_PRECOMPILE_BRIDGING_HEADER = YES;
				SWIFT_VERSION = 4.0;
				TARGETED_DEVICE_FAMILY = "1,2";
			};
			name = Release;
		};
/* End XCBuildConfiguration section */

/* Begin XCConfigurationList section */
		3EC1E2585A9F8BA5B89027EF /* Build configuration list for PBXNativeTarget "SplitSound" */ = {
			isa = XCConfigurationList;
			buildConfigurations = (
				3EC1E0EE7B6D5EB899995769 /* Debug */,
				3EC1EFBD3E43698AC7DDBEDE /* Release */,
			);
			defaultConfigurationIsVisible = 0;
			defaultConfigurationName = Release;
		};
		3EC1E661A0DD7B76E2808ABF /* Build configuration list for PBXNativeTarget "SplitSoundTests" */ = {
			isa = XCConfigurationList;
			buildConfigurations = (
				3EC1E1B67A01E9EB86340A49 /* Debug */,
				3EC1E9AA47C22E713C80853F /* Release */,
			);
			defaultConfigurationIsVisible = 0;
			defaultConfigurationName = Release;
		};
		3EC1E82F3FD65B3912ADC65C /* Build configuration list for PBXProject "SplitSound" */ = {
			isa = XCConfigurationList;
			buildConfigurations = (
				3EC1EC238D38E3475543D2B9 /* Debug */,
				3EC1E316A2E93AF62F94450A /* Release */,
			);
			defaultConfigurationIsVisible = 0;
			defaultConfigurationName = Release;
		};
		3EC1EEEF3A8D1ACACE5F1D34 /* Build configuration list for PBXNativeTarget "SplitSoundUITests" */ = {
			isa = XCConfigurationList;
			buildConfigurations = (
				3EC1E4119922E423DCEADBA9 /* Debug */,
				3EC1EB976C8B9CB832D1215B /* Release */,
			);
			defaultConfigurationIsVisible = 0;
			defaultConfigurationName = Release;
		};
/* End XCConfigurationList section */
	};
	rootObject = 3EC1E271AF63445734B54B04 /* Project object */;
}
